<?xml version="1.0" encoding="utf-8"?>
<Project ToolsVersion="15.0" xmlns="http://schemas.microsoft.com/developer/msbuild/2003">
  <ItemGroup>
    <Filter Include="Common">
      <UniqueIdentifier>79918c2a-66b7-492a-82a9-2a51000cb91b</UniqueIdentifier>
    </Filter>
    <Filter Include="Assets">
      <UniqueIdentifier>20d1d2f3-c9a1-450d-b285-30e2f7069c8a</UniqueIdentifier>
      <Extensions>bmp;fbx;gif;jpg;jpeg;tga;tiff;tif;png</Extensions>
    </Filter>
    <Filter Include="Common\head">
      <UniqueIdentifier>{c314c8fe-e252-426d-86ae-67c4642c643a}</UniqueIdentifier>
    </Filter>
    <Filter Include="Common\head\GLFW">
      <UniqueIdentifier>{44fa95da-b3ec-4a20-9065-97ceec5f1e39}</UniqueIdentifier>
    </Filter>
    <Filter Include="Common\head\GLAD">
      <UniqueIdentifier>{61c99110-57df-4055-8116-18739e83356f}</UniqueIdentifier>
    </Filter>
    <Filter Include="Common\source">
      <UniqueIdentifier>{9f09a083-ec9a-4b24-abee-a745c6600d8a}</UniqueIdentifier>
    </Filter>
  </ItemGroup>
  <ItemGroup>
    <ClCompile Include="Application.cpp" />
    <ClCompile Include="source\glad.c">
      <Filter>Common\source</Filter>
    </ClCompile>
  </ItemGroup>
  <ItemGroup>
    <ClInclude Include="include\glad.h">
      <Filter>Common\head\GLAD</Filter>
    </ClInclude>
    <ClInclude Include="include\khrplatform.h">
      <Filter>Common\head\GLAD</Filter>
    </ClInclude>
    <ClInclude Include="include\GLFW\glfw3.h">
      <Filter>Common\head\GLFW</Filter>
    </ClInclude>
    <ClInclude Include="include\GLFW\glfw3native.h">
      <Filter>Common\head\GLFW</Filter>
    </ClInclude>
  </ItemGroup>
  <ItemGroup>
    <Image Include="Assets\LockScreenLogo.scale-200.png">
      <Filter>Assets</Filter>
    </Image>
    <Image Include="Assets\SplashScreen.scale-200.png">
      <Filter>Assets</Filter>
    </Image>
    <Image Include="Assets\Square150x150Logo.scale-200.png">
      <Filter>Assets</Filter>
    </Image>
    <Image Include="Assets\Square44x44Logo.scale-200.png">
      <Filter>Assets</Filter>
    </Image>
    <Image Include="Assets\Square44x44Logo.targetsize-24_altform-unplated.png">
      <Filter>Assets</Filter>
    </Image>
    <Image Include="Assets\StoreLogo.png">
      <Filter>Assets</Filter>
    </Image>
    <Image Include="Assets\Wide310x150Logo.scale-200.png">
      <Filter>Assets</Filter>
    </Image>
  </ItemGroup>
</Project>