<?xml version="1.0" encoding="utf-8"?>
<Project ToolsVersion="4.0" xmlns="http://schemas.microsoft.com/developer/msbuild/2003">
  <ItemGroup>
    <Filter Include="源文件">
      <UniqueIdentifier>{4FC737F1-C7A5-4376-A066-2A32D752A2FF}</UniqueIdentifier>
      <Extensions>cpp;c;cc;cxx;def;odl;idl;hpj;bat;asm;asmx</Extensions>
    </Filter>
    <Filter Include="头文件">
      <UniqueIdentifier>{93995380-89BD-4b04-88EB-625FBE52EBFB}</UniqueIdentifier>
      <Extensions>h;hh;hpp;hxx;hm;inl;inc;ipp;xsd</Extensions>
    </Filter>
    <Filter Include="资源文件">
      <UniqueIdentifier>{67DA6AB6-F800-4c08-8B7A-83BB121AAD01}</UniqueIdentifier>
      <Extensions>rc;ico;cur;bmp;dlg;rc2;rct;bin;rgs;gif;jpg;jpeg;jpe;resx;tiff;tif;png;wav;mfcribbon-ms</Extensions>
    </Filter>
    <Filter Include="头文件\管理器">
      <UniqueIdentifier>{2e25b5be-a8e6-48e3-93c7-186c3fd0869d}</UniqueIdentifier>
    </Filter>
    <Filter Include="头文件\基类">
      <UniqueIdentifier>{0d65765d-01b6-434b-bd2d-955ca1ea0d77}</UniqueIdentifier>
    </Filter>
    <Filter Include="头文件\摄像机">
      <UniqueIdentifier>{4fe172ff-0f2c-4cb9-924c-f27a5de072ed}</UniqueIdentifier>
    </Filter>
    <Filter Include="头文件\算法">
      <UniqueIdentifier>{2090705f-f53e-4cf9-8ead-60428ce80e9d}</UniqueIdentifier>
    </Filter>
    <Filter Include="头文件\网格">
      <UniqueIdentifier>{07703ccc-9772-4292-9a86-4a961ee245ba}</UniqueIdentifier>
    </Filter>
    <Filter Include="头文件\着色器">
      <UniqueIdentifier>{2dfb2491-4006-49be-a33c-f8f3ace1939b}</UniqueIdentifier>
    </Filter>
    <Filter Include="头文件\组件">
      <UniqueIdentifier>{8022c258-f734-412f-b630-9bce423f19bf}</UniqueIdentifier>
    </Filter>
    <Filter Include="源文件\地形">
      <UniqueIdentifier>{5b21a068-95de-4aac-a537-4a877f9b1e56}</UniqueIdentifier>
    </Filter>
    <Filter Include="源文件\管理器">
      <UniqueIdentifier>{9f683402-b8b3-4fdb-b60c-f1650e25b2d4}</UniqueIdentifier>
    </Filter>
    <Filter Include="源文件\基类">
      <UniqueIdentifier>{7a704bdd-5e2b-409c-b019-66234e79882a}</UniqueIdentifier>
    </Filter>
    <Filter Include="源文件\摄像机">
      <UniqueIdentifier>{84c15b81-f940-443e-a628-cef2c73c5ead}</UniqueIdentifier>
    </Filter>
    <Filter Include="源文件\算法">
      <UniqueIdentifier>{ade2c34d-310a-4018-b823-fc4bdfc09848}</UniqueIdentifier>
    </Filter>
    <Filter Include="源文件\网格">
      <UniqueIdentifier>{32376ac1-7c37-4fe2-92a2-ad15284d0c98}</UniqueIdentifier>
    </Filter>
    <Filter Include="源文件\着色器">
      <UniqueIdentifier>{fd204c9f-cf61-41e2-9534-1c5aaf41949a}</UniqueIdentifier>
    </Filter>
    <Filter Include="源文件\组件">
      <UniqueIdentifier>{e1d8c4f1-d090-44d7-a5dc-c446644321bb}</UniqueIdentifier>
    </Filter>
    <Filter Include="源文件\第三方库">
      <UniqueIdentifier>{e5897145-0878-4468-ac9c-9490a0b47ecb}</UniqueIdentifier>
    </Filter>
    <Filter Include="源文件\第三方库\glad">
      <UniqueIdentifier>{54f44a0f-333b-4649-841b-5f3d1c1dd339}</UniqueIdentifier>
    </Filter>
    <Filter Include="源文件\第三方库\stb_image">
      <UniqueIdentifier>{d7f95549-f8f9-4eb6-bb33-0ebc3fba996a}</UniqueIdentifier>
    </Filter>
    <Filter Include="头文件\地形">
      <UniqueIdentifier>{76539750-c4ec-431f-a562-06ed2c4ae5dd}</UniqueIdentifier>
    </Filter>
    <Filter Include="头文件\模板">
      <UniqueIdentifier>{46a58d66-b8eb-4ae3-99a9-c6c0e23a2e04}</UniqueIdentifier>
    </Filter>
    <Filter Include="头文件\鼠标键盘">
      <UniqueIdentifier>{7d2d661a-8df2-4127-a6e7-58fa789cddfb}</UniqueIdentifier>
    </Filter>
    <Filter Include="源文件\鼠标键盘">
      <UniqueIdentifier>{b3f6b1d5-7d5e-46af-9113-7fbf12c684e5}</UniqueIdentifier>
    </Filter>
    <Filter Include="源文件\物体">
      <UniqueIdentifier>{bb736e7c-3b26-4fa9-9956-4a077820b4fd}</UniqueIdentifier>
    </Filter>
    <Filter Include="头文件\物体">
      <UniqueIdentifier>{718294b5-1f9c-4be3-b47d-1ea68926dd66}</UniqueIdentifier>
    </Filter>
    <Filter Include="头文件\物体\光源">
      <UniqueIdentifier>{bac32bce-78fd-49d1-9b48-22142cc8b4be}</UniqueIdentifier>
    </Filter>
    <Filter Include="源文件\场景">
      <UniqueIdentifier>{95e66e45-e096-499c-a91f-0fc79e78c6aa}</UniqueIdentifier>
    </Filter>
    <Filter Include="头文件\场景">
      <UniqueIdentifier>{601403e1-edd9-470b-b5a8-5c78385c588b}</UniqueIdentifier>
    </Filter>
    <Filter Include="资源文件\filter">
      <UniqueIdentifier>{d9de3126-d95c-46ba-8837-3b8166ca4d8a}</UniqueIdentifier>
    </Filter>
    <Filter Include="头文件\物理组件">
      <UniqueIdentifier>{11253043-e6ec-4571-b134-0d38067dcdaf}</UniqueIdentifier>
    </Filter>
    <Filter Include="源文件\物理组件">
      <UniqueIdentifier>{446783e7-e972-4977-850f-a62b90f8fe92}</UniqueIdentifier>
    </Filter>
    <Filter Include="源文件\材质">
      <UniqueIdentifier>{cd06adc8-af93-4586-8708-002ce05b3241}</UniqueIdentifier>
    </Filter>
    <Filter Include="头文件\材质">
      <UniqueIdentifier>{697af251-d727-452a-969a-181e01ec70a2}</UniqueIdentifier>
    </Filter>
    <Filter Include="源文件\模型">
      <UniqueIdentifier>{8c71d4fa-9c7d-493c-9258-d4f5cf35fe29}</UniqueIdentifier>
    </Filter>
    <Filter Include="头文件\模型">
      <UniqueIdentifier>{975ef07e-f772-41aa-9cc8-aef86c317479}</UniqueIdentifier>
    </Filter>
    <Filter Include="头文件\RenderPass">
      <UniqueIdentifier>{28817ee7-20be-4a5b-adec-248d356ec83b}</UniqueIdentifier>
    </Filter>
    <Filter Include="源文件\RenderPass">
      <UniqueIdentifier>{f765be4b-de0f-41f8-8799-b4fd14467ea2}</UniqueIdentifier>
    </Filter>
    <Filter Include="资源文件\shader">
      <UniqueIdentifier>{de2ad0d4-90cf-4d39-883f-8cf25655de3a}</UniqueIdentifier>
    </Filter>
    <Filter Include="资源文件\material">
      <UniqueIdentifier>{a71c373d-04d2-4966-b658-5056ef85ef6a}</UniqueIdentifier>
    </Filter>
  </ItemGroup>
  <ItemGroup>
    <ClCompile Include="PerlinGround.cpp">
      <Filter>源文件\地形</Filter>
    </ClCompile>
    <ClCompile Include="Perlin.cpp">
      <Filter>源文件\地形</Filter>
    </ClCompile>
    <ClCompile Include="Maze.cpp">
      <Filter>源文件\地形</Filter>
    </ClCompile>
    <ClCompile Include="RefManager.cpp">
      <Filter>源文件\管理器</Filter>
    </ClCompile>
    <ClCompile Include="RenderManager.cpp">
      <Filter>源文件\管理器</Filter>
    </ClCompile>
    <ClCompile Include="BaseManager.cpp">
      <Filter>源文件\管理器</Filter>
    </ClCompile>
    <ClCompile Include="LogicManager.cpp">
      <Filter>源文件\管理器</Filter>
    </ClCompile>
    <ClCompile Include="Transform.cpp">
      <Filter>源文件\基类</Filter>
    </ClCompile>
    <ClCompile Include="Node.cpp">
      <Filter>源文件\基类</Filter>
    </ClCompile>
    <ClCompile Include="Ref.cpp">
      <Filter>源文件\基类</Filter>
    </ClCompile>
    <ClCompile Include="Camera.cpp">
      <Filter>源文件\摄像机</Filter>
    </ClCompile>
    <ClCompile Include="BSpline.cpp">
      <Filter>源文件\算法</Filter>
    </ClCompile>
    <ClCompile Include="DirCube.cpp">
      <Filter>源文件\物体</Filter>
    </ClCompile>
    <ClCompile Include="Line2D.cpp">
      <Filter>源文件\物体</Filter>
    </ClCompile>
    <ClCompile Include="Line2D_BSpline.cpp">
      <Filter>源文件\物体</Filter>
    </ClCompile>
    <ClCompile Include="Line2D_color_balance.cpp">
      <Filter>源文件\物体</Filter>
    </ClCompile>
    <ClCompile Include="SkyBox.cpp">
      <Filter>源文件\物体</Filter>
    </ClCompile>
    <ClCompile Include="Cube.cpp">
      <Filter>源文件\物体</Filter>
    </ClCompile>
    <ClCompile Include="CubeMat.cpp">
      <Filter>源文件\物体</Filter>
    </ClCompile>
    <ClCompile Include="Mesh.cpp">
      <Filter>源文件\网格</Filter>
    </ClCompile>
    <ClCompile Include="Application.cpp">
      <Filter>源文件</Filter>
    </ClCompile>
    <ClCompile Include="Shader.cpp">
      <Filter>源文件\着色器</Filter>
    </ClCompile>
    <ClCompile Include="GameCamera.cpp">
      <Filter>源文件\摄像机</Filter>
    </ClCompile>
    <ClCompile Include="Entity.cpp">
      <Filter>源文件\基类</Filter>
    </ClCompile>
    <ClCompile Include="external\source\glad.c">
      <Filter>源文件\第三方库\glad</Filter>
    </ClCompile>
    <ClCompile Include="external\source\stb_image.cpp">
      <Filter>源文件\第三方库\stb_image</Filter>
    </ClCompile>
    <ClCompile Include="MyMouse.cpp">
      <Filter>源文件\鼠标键盘</Filter>
    </ClCompile>
    <ClCompile Include="MyKeyboard.cpp">
      <Filter>源文件\鼠标键盘</Filter>
    </ClCompile>
    <ClCompile Include="VertexFactory.cpp">
      <Filter>源文件</Filter>
    </ClCompile>
    <ClCompile Include="Car.cpp">
      <Filter>源文件\物体</Filter>
    </ClCompile>
    <ClCompile Include="Circle.cpp">
      <Filter>源文件\物体</Filter>
    </ClCompile>
    <ClCompile Include="Cylinder.cpp">
      <Filter>源文件\物体</Filter>
    </ClCompile>
    <ClCompile Include="CylinderNoCap.cpp">
      <Filter>源文件\物体</Filter>
    </ClCompile>
    <ClCompile Include="Ground.cpp">
      <Filter>源文件\物体</Filter>
    </ClCompile>
    <ClCompile Include="LeftWheel.cpp">
      <Filter>源文件\物体</Filter>
    </ClCompile>
    <ClCompile Include="RightWheel.cpp">
      <Filter>源文件\物体</Filter>
    </ClCompile>
    <ClCompile Include="Sphere.cpp">
      <Filter>源文件\物体</Filter>
    </ClCompile>
    <ClCompile Include="Wheel.cpp">
      <Filter>源文件\物体</Filter>
    </ClCompile>
    <ClCompile Include="Scene.cpp">
      <Filter>源文件\场景</Filter>
    </ClCompile>
    <ClCompile Include="PhysicsManager.cpp">
      <Filter>源文件\管理器</Filter>
    </ClCompile>
    <ClCompile Include="Rigidbody.cpp">
      <Filter>源文件\物理组件</Filter>
    </ClCompile>
    <ClCompile Include="SphereCollider.cpp">
      <Filter>源文件\物理组件</Filter>
    </ClCompile>
    <ClCompile Include="BoxCollider.cpp">
      <Filter>源文件\物理组件</Filter>
    </ClCompile>
    <ClCompile Include="BallScene.cpp">
      <Filter>源文件\场景</Filter>
    </ClCompile>
    <ClCompile Include="Wall.cpp">
      <Filter>源文件\物体</Filter>
    </ClCompile>
    <ClCompile Include="ResourceTools.cpp">
      <Filter>源文件</Filter>
    </ClCompile>
    <ClCompile Include="Material.cpp">
      <Filter>源文件\材质</Filter>
    </ClCompile>
    <ClCompile Include="func.cpp">
      <Filter>源文件</Filter>
    </ClCompile>
    <ClCompile Include="MaterialManager.cpp">
      <Filter>源文件\管理器</Filter>
    </ClCompile>
    <ClCompile Include="Model.cpp">
      <Filter>源文件\模型</Filter>
    </ClCompile>
    <ClCompile Include="const.cpp">
      <Filter>源文件</Filter>
    </ClCompile>
    <ClCompile Include="Enum.cpp">
      <Filter>源文件</Filter>
    </ClCompile>
    <ClCompile Include="Struct.cpp">
      <Filter>源文件</Filter>
    </ClCompile>
    <ClCompile Include="ModelEntity.cpp">
      <Filter>源文件</Filter>
    </ClCompile>
    <ClCompile Include="ModelNode.cpp">
      <Filter>源文件</Filter>
    </ClCompile>
    <ClCompile Include="RP_PostProcessPass.cpp">
      <Filter>源文件\RenderPass</Filter>
    </ClCompile>
    <ClCompile Include="RP_ShadowMapPass.cpp">
      <Filter>源文件\RenderPass</Filter>
    </ClCompile>
    <ClCompile Include="RP_IBLPreRenderPass.cpp">
      <Filter>源文件\RenderPass</Filter>
    </ClCompile>
    <ClCompile Include="RP_RenderPass.cpp">
      <Filter>源文件\RenderPass</Filter>
    </ClCompile>
    <ClCompile Include="LightCamera.cpp">
      <Filter>源文件\摄像机</Filter>
    </ClCompile>
    <ClCompile Include="RP_ToneMappingGammaPass.cpp">
      <Filter>源文件\RenderPass</Filter>
    </ClCompile>
    <ClCompile Include="RP_ForwardRenderPass.cpp">
      <Filter>源文件\RenderPass</Filter>
    </ClCompile>
    <ClCompile Include="RP_DeferredRenderPass.cpp">
      <Filter>源文件\RenderPass</Filter>
    </ClCompile>
    <ClCompile Include="RP_GBufferPass.cpp">
      <Filter>源文件\RenderPass</Filter>
    </ClCompile>
  </ItemGroup>
  <ItemGroup>
    <ClInclude Include="PerlinGround.h">
      <Filter>头文件\地形</Filter>
    </ClInclude>
    <ClInclude Include="Maze.h">
      <Filter>头文件\地形</Filter>
    </ClInclude>
    <ClInclude Include="Perlin.h">
      <Filter>头文件\地形</Filter>
    </ClInclude>
    <ClInclude Include="BaseManager.h">
      <Filter>头文件\管理器</Filter>
    </ClInclude>
    <ClInclude Include="LogicManager.h">
      <Filter>头文件\管理器</Filter>
    </ClInclude>
    <ClInclude Include="RefManager.h">
      <Filter>头文件\管理器</Filter>
    </ClInclude>
    <ClInclude Include="RenderManager.h">
      <Filter>头文件\管理器</Filter>
    </ClInclude>
    <ClInclude Include="Transform.h">
      <Filter>头文件\基类</Filter>
    </ClInclude>
    <ClInclude Include="Node.h">
      <Filter>头文件\基类</Filter>
    </ClInclude>
    <ClInclude Include="Ref.h">
      <Filter>头文件\基类</Filter>
    </ClInclude>
    <ClInclude Include="Singleton.h">
      <Filter>头文件\模板</Filter>
    </ClInclude>
    <ClInclude Include="Camera.h">
      <Filter>头文件\摄像机</Filter>
    </ClInclude>
    <ClInclude Include="BSpline.h">
      <Filter>头文件\算法</Filter>
    </ClInclude>
    <ClInclude Include="SkyBox.h">
      <Filter>头文件\物体</Filter>
    </ClInclude>
    <ClInclude Include="Cube.h">
      <Filter>头文件\物体</Filter>
    </ClInclude>
    <ClInclude Include="CubeMat.h">
      <Filter>头文件\物体</Filter>
    </ClInclude>
    <ClInclude Include="DirCube.h">
      <Filter>头文件\物体</Filter>
    </ClInclude>
    <ClInclude Include="Line2D.h">
      <Filter>头文件\物体</Filter>
    </ClInclude>
    <ClInclude Include="Line2D_BSpline.h">
      <Filter>头文件\物体</Filter>
    </ClInclude>
    <ClInclude Include="Line2D_color_balance.h">
      <Filter>头文件\物体</Filter>
    </ClInclude>
    <ClInclude Include="Mesh.h">
      <Filter>头文件\网格</Filter>
    </ClInclude>
    <ClInclude Include="Shader.h">
      <Filter>头文件\着色器</Filter>
    </ClInclude>
    <ClInclude Include="func.h">
      <Filter>头文件</Filter>
    </ClInclude>
    <ClInclude Include="const.h">
      <Filter>头文件</Filter>
    </ClInclude>
    <ClInclude Include="GameCamera.h">
      <Filter>头文件\摄像机</Filter>
    </ClInclude>
    <ClInclude Include="Entity.h">
      <Filter>头文件\基类</Filter>
    </ClInclude>
    <ClInclude Include="MyMouse.h">
      <Filter>头文件\鼠标键盘</Filter>
    </ClInclude>
    <ClInclude Include="MyKeyboard.h">
      <Filter>头文件\鼠标键盘</Filter>
    </ClInclude>
    <ClInclude Include="VertexFactory.h">
      <Filter>头文件</Filter>
    </ClInclude>
    <ClInclude Include="Wheel.h">
      <Filter>头文件\物体</Filter>
    </ClInclude>
    <ClInclude Include="Car.h">
      <Filter>头文件\物体</Filter>
    </ClInclude>
    <ClInclude Include="Circle.h">
      <Filter>头文件\物体</Filter>
    </ClInclude>
    <ClInclude Include="Cylinder.h">
      <Filter>头文件\物体</Filter>
    </ClInclude>
    <ClInclude Include="CylinderNoCap.h">
      <Filter>头文件\物体</Filter>
    </ClInclude>
    <ClInclude Include="Ground.h">
      <Filter>头文件\物体</Filter>
    </ClInclude>
    <ClInclude Include="LeftWheel.h">
      <Filter>头文件\物体</Filter>
    </ClInclude>
    <ClInclude Include="RightWheel.h">
      <Filter>头文件\物体</Filter>
    </ClInclude>
    <ClInclude Include="Sphere.h">
      <Filter>头文件\物体</Filter>
    </ClInclude>
    <ClInclude Include="Scene.h">
      <Filter>头文件\场景</Filter>
    </ClInclude>
    <ClInclude Include="PhysicsManager.h">
      <Filter>头文件\管理器</Filter>
    </ClInclude>
    <ClInclude Include="bulletHead.h">
      <Filter>头文件</Filter>
    </ClInclude>
    <ClInclude Include="Rigidbody.h">
      <Filter>头文件\物理组件</Filter>
    </ClInclude>
    <ClInclude Include="BoxCollider.h">
      <Filter>头文件\物理组件</Filter>
    </ClInclude>
    <ClInclude Include="SphereCollider.h">
      <Filter>头文件\物理组件</Filter>
    </ClInclude>
    <ClInclude Include="Wall.h">
      <Filter>头文件\物体</Filter>
    </ClInclude>
    <ClInclude Include="BallScene.h">
      <Filter>头文件\场景</Filter>
    </ClInclude>
    <ClInclude Include="ResourceTools.h">
      <Filter>头文件</Filter>
    </ClInclude>
    <ClInclude Include="Material.h">
      <Filter>头文件\材质</Filter>
    </ClInclude>
    <ClInclude Include="MaterialManager.h">
      <Filter>头文件\管理器</Filter>
    </ClInclude>
    <ClInclude Include="Model.h">
      <Filter>头文件\模型</Filter>
    </ClInclude>
    <ClInclude Include="Enum.h">
      <Filter>头文件</Filter>
    </ClInclude>
    <ClInclude Include="Struct.h">
      <Filter>头文件</Filter>
    </ClInclude>
    <ClInclude Include="ModelEntity.h">
      <Filter>头文件</Filter>
    </ClInclude>
    <ClInclude Include="ModelNode.h">
      <Filter>头文件</Filter>
    </ClInclude>
    <ClInclude Include="RP_PostProcessPass.h">
      <Filter>头文件\RenderPass</Filter>
    </ClInclude>
    <ClInclude Include="RP_ShadowMapPass.h">
      <Filter>头文件\RenderPass</Filter>
    </ClInclude>
    <ClInclude Include="RP_IBLPreRenderPass.h">
      <Filter>头文件\RenderPass</Filter>
    </ClInclude>
    <ClInclude Include="RP_RenderPass.h">
      <Filter>头文件\RenderPass</Filter>
    </ClInclude>
    <ClInclude Include="LightCamera.h">
      <Filter>头文件\摄像机</Filter>
    </ClInclude>
    <ClInclude Include="RP_ToneMappingGammaPass.h">
      <Filter>头文件\RenderPass</Filter>
    </ClInclude>
    <ClInclude Include="json.hpp">
      <Filter>头文件</Filter>
    </ClInclude>
    <ClInclude Include="resource.h">
      <Filter>头文件</Filter>
    </ClInclude>
    <ClInclude Include="RP_ForwardRenderPass.h">
      <Filter>头文件\RenderPass</Filter>
    </ClInclude>
    <ClInclude Include="RP_DeferredRenderPass.h">
      <Filter>头文件\RenderPass</Filter>
    </ClInclude>
    <ClInclude Include="RP_GBufferPass.h">
      <Filter>头文件\RenderPass</Filter>
    </ClInclude>
  </ItemGroup>
  <ItemGroup>
    <None Include="Resources\Shader\Filter\blur.fs">
      <Filter>资源文件\filter</Filter>
    </None>
    <None Include="Resources\Shader\Filter\contrast.fs">
      <Filter>资源文件\filter</Filter>
    </None>
    <None Include="Resources\Shader\Filter\depthTest.fs">
      <Filter>资源文件\filter</Filter>
    </None>
    <None Include="Resources\Shader\Filter\depthTest.vs">
      <Filter>资源文件\filter</Filter>
    </None>
    <None Include="Resources\Shader\Filter\edgeDetection.fs">
      <Filter>资源文件\filter</Filter>
    </None>
    <None Include="Resources\Shader\Filter\filterBase.vs">
      <Filter>资源文件\filter</Filter>
    </None>
    <None Include="Resources\Shader\Filter\grayScale.fs">
      <Filter>资源文件\filter</Filter>
    </None>
    <None Include="Resources\Shader\Filter\grayScaleWeight.fs">
      <Filter>资源文件\filter</Filter>
    </None>
    <None Include="Resources\Shader\Filter\invert.fs">
      <Filter>资源文件\filter</Filter>
    </None>
    <None Include="Resources\Shader\Filter\normal.fs">
      <Filter>资源文件\filter</Filter>
    </None>
    <None Include="Resources\Shader\Filter\normal2.fs">
      <Filter>资源文件\filter</Filter>
    </None>
    <None Include="Resources\Shader\Filter\saturation.fs">
      <Filter>资源文件\filter</Filter>
    </None>
    <None Include="Resources\Shader\Filter\sharpen.fs">
      <Filter>资源文件\filter</Filter>
    </None>
    <None Include="Resources\Shader\Filter\sharpening.fs">
      <Filter>资源文件\filter</Filter>
    </None>
    <None Include="Resources\Shader\Filter\toneMappingGamma.fs">
      <Filter>资源文件\filter</Filter>
    </None>
    <None Include="Resources\Shader\IBL_BackGround.fs">
      <Filter>资源文件\shader</Filter>
    </None>
    <None Include="Resources\Shader\IBL_BackGround.vs">
      <Filter>资源文件\shader</Filter>
    </None>
    <None Include="Resources\Shader\IBL_brdf.fs">
      <Filter>资源文件\shader</Filter>
    </None>
    <None Include="Resources\Shader\IBL_brdf.vs">
      <Filter>资源文件\shader</Filter>
    </None>
    <None Include="Resources\Shader\IBL_EquirectangularToCubemap.fs">
      <Filter>资源文件\shader</Filter>
    </None>
    <None Include="Resources\Shader\IBL_EquirectangularToCubemap.vs">
      <Filter>资源文件\shader</Filter>
    </None>
    <None Include="Resources\Shader\IBL_irradiance_convolution.fs">
      <Filter>资源文件\shader</Filter>
    </None>
    <None Include="Resources\Shader\IBL_irradiance_convolution.vs">
      <Filter>资源文件\shader</Filter>
    </None>
    <None Include="Resources\Shader\IBL_PBR.fs">
      <Filter>资源文件\shader</Filter>
    </None>
    <None Include="Resources\Shader\IBL_PBR.vs">
      <Filter>资源文件\shader</Filter>
    </None>
    <None Include="Resources\Shader\IBL_Prefilter.fs">
      <Filter>资源文件\shader</Filter>
    </None>
    <None Include="Resources\Shader\IBL_Prefilter.vs">
      <Filter>资源文件\shader</Filter>
    </None>
    <None Include="Resources\Shader\normal.fs">
      <Filter>资源文件\shader</Filter>
    </None>
    <None Include="Resources\Shader\normal.vs">
      <Filter>资源文件\shader</Filter>
    </None>
    <None Include="Resources\Shader\PBR.fs">
      <Filter>资源文件\shader</Filter>
    </None>
    <None Include="Resources\Shader\PBR.vs">
      <Filter>资源文件\shader</Filter>
    </None>
    <None Include="Resources\Shader\PBRCube.fs">
      <Filter>资源文件\shader</Filter>
    </None>
    <None Include="Resources\Shader\PBRCube.vs">
      <Filter>资源文件\shader</Filter>
    </None>
    <None Include="Resources\Shader\PBRModel.fs">
      <Filter>资源文件\shader</Filter>
    </None>
    <None Include="Resources\Shader\PBRModel.vs">
      <Filter>资源文件\shader</Filter>
    </None>
    <None Include="Resources\Shader\simpleDepth.fs">
      <Filter>资源文件\shader</Filter>
    </None>
    <None Include="Resources\Shader\simpleDepth.vs">
      <Filter>资源文件\shader</Filter>
    </None>
    <None Include="Resources\Shader\SkyBox.fs">
      <Filter>资源文件\shader</Filter>
    </None>
    <None Include="Resources\Shader\SkyBox.vs">
      <Filter>资源文件\shader</Filter>
    </None>
    <None Include="Resources\Shader\SkyBoxHDR.fs">
      <Filter>资源文件\shader</Filter>
    </None>
    <None Include="Resources\Shader\SkyBoxHDR.vs">
      <Filter>资源文件\shader</Filter>
    </None>
    <None Include="Resources\Shader\WithColor.fs">
      <Filter>资源文件\shader</Filter>
    </None>
    <None Include="Resources\Shader\WithColor.vs">
      <Filter>资源文件\shader</Filter>
    </None>
    <None Include="Resources\Shader\WithColorAndLight.fs">
      <Filter>资源文件\shader</Filter>
    </None>
    <None Include="Resources\Shader\WithColorAndLight.vs">
      <Filter>资源文件\shader</Filter>
    </None>
    <None Include="Resources\Shader\WithCube.fs">
      <Filter>资源文件\shader</Filter>
    </None>
    <None Include="Resources\Shader\WithCube.vs">
      <Filter>资源文件\shader</Filter>
    </None>
    <None Include="Resources\Shader\WithTex.fs">
      <Filter>资源文件\shader</Filter>
    </None>
    <None Include="Resources\Shader\WithTex.vs">
      <Filter>资源文件\shader</Filter>
    </None>
    <None Include="Resources\Shader\WithTexAndLight.fs">
      <Filter>资源文件\shader</Filter>
    </None>
    <None Include="Resources\Shader\WithTexAndLight.vs">
      <Filter>资源文件\shader</Filter>
    </None>
    <None Include="Resources\Material\EquirectangularToCubemap.json">
      <Filter>资源文件\material</Filter>
    </None>
    <None Include="Resources\Material\IBL_PBR.json">
      <Filter>资源文件\material</Filter>
    </None>
    <None Include="Resources\Material\ModelPBR.json">
      <Filter>资源文件\material</Filter>
    </None>
    <None Include="Resources\Material\PBR.json">
      <Filter>资源文件\material</Filter>
    </None>
    <None Include="Resources\Material\PBRCube.json">
      <Filter>资源文件\material</Filter>
    </None>
    <None Include="Resources\Material\SimpleDepth.json">
      <Filter>资源文件\material</Filter>
    </None>
    <None Include="Resources\Material\SkyBox.json">
      <Filter>资源文件\material</Filter>
    </None>
    <None Include="Resources\Material\SkyBoxHDR.json">
      <Filter>资源文件\material</Filter>
    </None>
    <None Include="Resources\Material\WithColor.json">
      <Filter>资源文件\material</Filter>
    </None>
    <None Include="Resources\Material\WithColorAndLight.json">
      <Filter>资源文件\material</Filter>
    </None>
    <None Include="Resources\Material\WithTex.json">
      <Filter>资源文件\material</Filter>
    </None>
    <None Include="Resources\Material\WithTexAndLight.json">
      <Filter>资源文件\material</Filter>
    </None>
  </ItemGroup>
  <ItemGroup>
    <ResourceCompile Include="Engine.rc">
      <Filter>资源文件</Filter>
    </ResourceCompile>
  </ItemGroup>
</Project>